
Microsoft Visual Studio Solution File, Format Version 11.00
# Visual Studio 2010
Project("{FAE04EC0-301F-11D3-BF4B-00C04F79EFBC}") = "Assembly-CSharp", "Assembly-CSharp.csproj", "{76c23f1b-367c-0caf-d1e8-e48d805a7f80}"
EndProject
Project("{FAE04EC0-301F-11D3-BF4B-00C04F79EFBC}") = "Assembly-CSharp-Editor", "Assembly-CSharp-Editor.csproj", "{22bb0dae-5e43-48e8-d5c5-9b0784d950de}"
EndProject
Global
	GlobalSection(SolutionConfigurationPlatforms) = preSolution
		Debug|Any CPU = Debug|Any CPU
	EndGlobalSection
	GlobalSection(ProjectConfigurationPlatforms) = postSolution
		{76c23f1b-367c-0caf-d1e8-e48d805a7f80}.Debug|Any CPU.ActiveCfg = Debug|Any CPU
		{76c23f1b-367c-0caf-d1e8-e48d805a7f80}.Debug|Any CPU.Build.0 = Debug|Any CPU
		{22bb0dae-5e43-48e8-d5c5-9b0784d950de}.Debug|Any CPU.ActiveCfg = Debug|Any CPU
		{22bb0dae-5e43-48e8-d5c5-9b0784d950de}.Debug|Any CPU.Build.0 = Debug|Any CPU
	EndGlobalSection
	GlobalSection(SolutionProperties) = preSolution
		HideSolutionNode = FALSE
	EndGlobalSection
EndGlobal
